
Microsoft Visual Studio Solution File, Format Version 12.00
# Visual Studio Version 17
VisualStudioVersion = 17.11.35327.3
MinimumVisualStudioVersion = 10.0.40219.1
Project("{9A19103F-16F7-4668-BE54-9A1E7A4F7556}") = "Simulator", "Simulator\Simulator.csproj", "{EF1562A6-16E3-4A71-8C9F-8E699D3AB678}"
EndProject
Project("{FAE04EC0-301F-11D3-BF4B-00C04F79EFBC}") = "Runner", "Runner\Runner.csproj", "{EC928724-A27C-4F5F-BB4F-540969CDF3C7}"
EndProject
Global
	GlobalSection(SolutionConfigurationPlatforms) = preSolution
		Debug|Any CPU = Debug|Any CPU
		Release|Any CPU = Release|Any CPU
	EndGlobalSection
	GlobalSection(ProjectConfigurationPlatforms) = postSolution
		{EF1562A6-16E3-4A71-8C9F-8E699D3AB678}.Debug|Any CPU.ActiveCfg = Debug|Any CPU
		{EF1562A6-16E3-4A71-8C9F-8E699D3AB678}.Debug|Any CPU.Build.0 = Debug|Any CPU
		{EF1562A6-16E3-4A71-8C9F-8E699D3AB678}.Release|Any CPU.ActiveCfg = Release|Any CPU
		{EF1562A6-16E3-4A71-8C9F-8E699D3AB678}.Release|Any CPU.Build.0 = Release|Any CPU
		{EC928724-A27C-4F5F-BB4F-540969CDF3C7}.Debug|Any CPU.ActiveCfg = Debug|Any CPU
		{EC928724-A27C-4F5F-BB4F-540969CDF3C7}.Debug|Any CPU.Build.0 = Debug|Any CPU
		{EC928724-A27C-4F5F-BB4F-540969CDF3C7}.Release|Any CPU.ActiveCfg = Release|Any CPU
		{EC928724-A27C-4F5F-BB4F-540969CDF3C7}.Release|Any CPU.Build.0 = Release|Any CPU
	EndGlobalSection
	GlobalSection(SolutionProperties) = preSolution
		HideSolutionNode = FALSE
	EndGlobalSection
	GlobalSection(ExtensibilityGlobals) = postSolution
		SolutionGuid = {85C9A71A-BB65-4998-B5D4-0D075B3FCA01}
	EndGlobalSection
EndGlobal
